
Microsoft Visual Studio Solution File, Format Version 12.00
# Visual Studio Version 16
VisualStudioVersion = 16.0.30611.23
MinimumVisualStudioVersion = 10.0.40219.1
Project("{FAE04EC0-301F-11D3-BF4B-00C04F79EFBC}") = "ZooPlanet", "ZooPlanet\ZooPlanet.csproj", "{48E10D73-6F7A-4619-9F14-FC267949663C}"
EndProject
Global
	GlobalSection(SolutionConfigurationPlatforms) = preSolution
		Debug|Any CPU = Debug|Any CPU
		Release|Any CPU = Release|Any CPU
	EndGlobalSection
	GlobalSection(ProjectConfigurationPlatforms) = postSolution
		{48E10D73-6F7A-4619-9F14-FC267949663C}.Debug|Any CPU.ActiveCfg = Debug|Any CPU
		{48E10D73-6F7A-4619-9F14-FC267949663C}.Debug|Any CPU.Build.0 = Debug|Any CPU
		{48E10D73-6F7A-4619-9F14-FC267949663C}.Release|Any CPU.ActiveCfg = Release|Any CPU
		{48E10D73-6F7A-4619-9F14-FC267949663C}.Release|Any CPU.Build.0 = Release|Any CPU
	EndGlobalSection
	GlobalSection(SolutionProperties) = preSolution
		HideSolutionNode = FALSE
	EndGlobalSection
	GlobalSection(ExtensibilityGlobals) = postSolution
		SolutionGuid = {927B9D73-6971-4343-A7B6-992024884938}
	EndGlobalSection
EndGlobal
